
Microsoft Visual Studio Solution File, Format Version 12.00
# Visual Studio 15
Project("{FAE04EC0-301F-11D3-BF4B-00C04F79EFBC}") = "Assembly-CSharp", "Assembly-CSharp.csproj", "{7320A944-05AD-867C-6BBD-0ECE445F4808}"
EndProject
Global
	GlobalSection(SolutionConfigurationPlatforms) = preSolution
		Debug|Any CPU = Debug|Any CPU
		Release|Any CPU = Release|Any CPU
	EndGlobalSection
	GlobalSection(ProjectConfigurationPlatforms) = postSolution
		{7320A944-05AD-867C-6BBD-0ECE445F4808}.Debug|Any CPU.ActiveCfg = Debug|Any CPU
		{7320A944-05AD-867C-6BBD-0ECE445F4808}.Debug|Any CPU.Build.0 = Debug|Any CPU
		{7320A944-05AD-867C-6BBD-0ECE445F4808}.Release|Any CPU.ActiveCfg = Release|Any CPU
		{7320A944-05AD-867C-6BBD-0ECE445F4808}.Release|Any CPU.Build.0 = Release|Any CPU
	EndGlobalSection
	GlobalSection(SolutionProperties) = preSolution
		HideSolutionNode = FALSE
	EndGlobalSection
	GlobalSection(MonoDevelopProperties) = preSolution
		StartupItem = Assembly-CSharp.csproj
	EndGlobalSection
EndGlobal
